
Microsoft Visual Studio Solution File, Format Version 12.00
# Visual Studio Version 17
VisualStudioVersion = 17.6.33815.320
MinimumVisualStudioVersion = 10.0.40219.1
Project("{2150E333-8FDC-42A3-9474-1A3956D46DE8}") = "src", "src", "{40CB0CE8-00A4-4AF5-B4D6-969E1BFA76CD}"
EndProject
Project("{2150E333-8FDC-42A3-9474-1A3956D46DE8}") = "Core", "Core", "{463EF0E6-B9F7-4231-B093-E5746EC1D0B3}"
EndProject
Project("{9A19103F-16F7-4668-BE54-9A1E7A4F7556}") = "Application", "Application\Application.csproj", "{F6746856-9BD3-478D-8A1F-AE77BE6A8803}"
EndProject
Project("{2150E333-8FDC-42A3-9474-1A3956D46DE8}") = "Infraestructure", "Infraestructure", "{4F433F9E-A658-4B45-9ADD-10EDD7E91FD5}"
EndProject
Project("{2150E333-8FDC-42A3-9474-1A3956D46DE8}") = "Presentation", "Presentation", "{04FF445F-24E1-4D02-ADE7-37006A8AE1D9}"
EndProject
Project("{9A19103F-16F7-4668-BE54-9A1E7A4F7556}") = "Domain", "Domain\Domain.csproj", "{4ABE6DFD-D8CE-440C-9F4B-34E333CA276B}"
EndProject
Project("{9A19103F-16F7-4668-BE54-9A1E7A4F7556}") = "Persistence", "Persistence\Persistence.csproj", "{E8515F9F-6ACC-47C1-A6C7-28C35FD1AE0C}"
EndProject
Project("{9A19103F-16F7-4668-BE54-9A1E7A4F7556}") = "Shared", "Shared\Shared.csproj", "{90FE5BF8-A36E-4D77-82A3-02F001028232}"
EndProject
Project("{9A19103F-16F7-4668-BE54-9A1E7A4F7556}") = "WebApi", "WebApi\WebApi.csproj", "{C7E5AC08-79BD-4452-ADAA-99B278640B7D}"
EndProject
Project("{FAE04EC0-301F-11D3-BF4B-00C04F79EFBC}") = "Identity", "Identity\Identity.csproj", "{CEA188C0-0295-499E-BA62-326FEE4D154B}"
EndProject
Global
	GlobalSection(SolutionConfigurationPlatforms) = preSolution
		Debug|Any CPU = Debug|Any CPU
		Release|Any CPU = Release|Any CPU
	EndGlobalSection
	GlobalSection(ProjectConfigurationPlatforms) = postSolution
		{F6746856-9BD3-478D-8A1F-AE77BE6A8803}.Debug|Any CPU.ActiveCfg = Debug|Any CPU
		{F6746856-9BD3-478D-8A1F-AE77BE6A8803}.Debug|Any CPU.Build.0 = Debug|Any CPU
		{F6746856-9BD3-478D-8A1F-AE77BE6A8803}.Release|Any CPU.ActiveCfg = Release|Any CPU
		{F6746856-9BD3-478D-8A1F-AE77BE6A8803}.Release|Any CPU.Build.0 = Release|Any CPU
		{4ABE6DFD-D8CE-440C-9F4B-34E333CA276B}.Debug|Any CPU.ActiveCfg = Debug|Any CPU
		{4ABE6DFD-D8CE-440C-9F4B-34E333CA276B}.Debug|Any CPU.Build.0 = Debug|Any CPU
		{4ABE6DFD-D8CE-440C-9F4B-34E333CA276B}.Release|Any CPU.ActiveCfg = Release|Any CPU
		{4ABE6DFD-D8CE-440C-9F4B-34E333CA276B}.Release|Any CPU.Build.0 = Release|Any CPU
		{E8515F9F-6ACC-47C1-A6C7-28C35FD1AE0C}.Debug|Any CPU.ActiveCfg = Debug|Any CPU
		{E8515F9F-6ACC-47C1-A6C7-28C35FD1AE0C}.Debug|Any CPU.Build.0 = Debug|Any CPU
		{E8515F9F-6ACC-47C1-A6C7-28C35FD1AE0C}.Release|Any CPU.ActiveCfg = Release|Any CPU
		{E8515F9F-6ACC-47C1-A6C7-28C35FD1AE0C}.Release|Any CPU.Build.0 = Release|Any CPU
		{90FE5BF8-A36E-4D77-82A3-02F001028232}.Debug|Any CPU.ActiveCfg = Debug|Any CPU
		{90FE5BF8-A36E-4D77-82A3-02F001028232}.Debug|Any CPU.Build.0 = Debug|Any CPU
		{90FE5BF8-A36E-4D77-82A3-02F001028232}.Release|Any CPU.ActiveCfg = Release|Any CPU
		{90FE5BF8-A36E-4D77-82A3-02F001028232}.Release|Any CPU.Build.0 = Release|Any CPU
		{C7E5AC08-79BD-4452-ADAA-99B278640B7D}.Debug|Any CPU.ActiveCfg = Debug|Any CPU
		{C7E5AC08-79BD-4452-ADAA-99B278640B7D}.Debug|Any CPU.Build.0 = Debug|Any CPU
		{C7E5AC08-79BD-4452-ADAA-99B278640B7D}.Release|Any CPU.ActiveCfg = Release|Any CPU
		{C7E5AC08-79BD-4452-ADAA-99B278640B7D}.Release|Any CPU.Build.0 = Release|Any CPU
		{CEA188C0-0295-499E-BA62-326FEE4D154B}.Debug|Any CPU.ActiveCfg = Debug|Any CPU
		{CEA188C0-0295-499E-BA62-326FEE4D154B}.Debug|Any CPU.Build.0 = Debug|Any CPU
		{CEA188C0-0295-499E-BA62-326FEE4D154B}.Release|Any CPU.ActiveCfg = Release|Any CPU
		{CEA188C0-0295-499E-BA62-326FEE4D154B}.Release|Any CPU.Build.0 = Release|Any CPU
	EndGlobalSection
	GlobalSection(SolutionProperties) = preSolution
		HideSolutionNode = FALSE
	EndGlobalSection
	GlobalSection(NestedProjects) = preSolution
		{463EF0E6-B9F7-4231-B093-E5746EC1D0B3} = {40CB0CE8-00A4-4AF5-B4D6-969E1BFA76CD}
		{F6746856-9BD3-478D-8A1F-AE77BE6A8803} = {463EF0E6-B9F7-4231-B093-E5746EC1D0B3}
		{4F433F9E-A658-4B45-9ADD-10EDD7E91FD5} = {40CB0CE8-00A4-4AF5-B4D6-969E1BFA76CD}
		{04FF445F-24E1-4D02-ADE7-37006A8AE1D9} = {40CB0CE8-00A4-4AF5-B4D6-969E1BFA76CD}
		{4ABE6DFD-D8CE-440C-9F4B-34E333CA276B} = {463EF0E6-B9F7-4231-B093-E5746EC1D0B3}
		{E8515F9F-6ACC-47C1-A6C7-28C35FD1AE0C} = {4F433F9E-A658-4B45-9ADD-10EDD7E91FD5}
		{90FE5BF8-A36E-4D77-82A3-02F001028232} = {4F433F9E-A658-4B45-9ADD-10EDD7E91FD5}
		{C7E5AC08-79BD-4452-ADAA-99B278640B7D} = {04FF445F-24E1-4D02-ADE7-37006A8AE1D9}
		{CEA188C0-0295-499E-BA62-326FEE4D154B} = {4F433F9E-A658-4B45-9ADD-10EDD7E91FD5}
	EndGlobalSection
	GlobalSection(ExtensibilityGlobals) = postSolution
		SolutionGuid = {DA062189-C204-46EC-A9CC-B2D98091CD93}
	EndGlobalSection
EndGlobal
